// !$*UTF8*$!
{
	archiveVersion = 1;
	classes = {
	};
	objectVersion = 56;
	objects = {

/* Begin PBXBuildFile section */
		5294C66C2ABCCE4600D3B25E /* WikipediaApp.swift in Sources */ = {isa = PBXBuildFile; fileRef = 5294C66B2ABCCE4600D3B25E /* WikipediaApp.swift */; };
		5294C66E2ABCCE4600D3B25E /* ContentView.swift in Sources */ = {isa = PBXBuildFile; fileRef = 5294C66D2ABCCE4600D3B25E /* ContentView.swift */; };
		5294C6702ABCCE4800D3B25E /* Assets.xcassets in Resources */ = {isa = PBXBuildFile; fileRef = 5294C66F2ABCCE4800D3B25E /* Assets.xcassets */; };
		5294C6732ABCCE4800D3B25E /* Preview Assets.xcassets in Resources */ = {isa = PBXBuildFile; fileRef = 5294C6722ABCCE4800D3B25E /* Preview Assets.xcassets */; };
		5294C67C2ABCCE7800D3B25E /* WikipediaSearchResult.swift in Sources */ = {isa = PBXBuildFile; fileRef = 5294C67B2ABCCE7800D3B25E /* WikipediaSearchResult.swift */; };
		5294C67E2ABCCE9600D3B25E /* WikipediaArticle.swift in Sources */ = {isa = PBXBuildFile; fileRef = 5294C67D2ABCCE9600D3B25E /* WikipediaArticle.swift */; };
/* End PBXBuildFile section */

/* Begin PBXFileReference section */
		5294C6682ABCCE4600D3B25E /* Wikipedia.app */ = {isa = PBXFileReference; explicitFileType = wrapper.application; includeInIndex = 0; path = Wikipedia.app; sourceTree = BUILT_PRODUCTS_DIR; };
		5294C66B2ABCCE4600D3B25E /* WikipediaApp.swift */ = {isa = PBXFileReference; lastKnownFileType = sourcecode.swift; path = WikipediaApp.swift; sourceTree = "<group>"; };
		5294C66D2ABCCE4600D3B25E /* ContentView.swift */ = {isa = PBXFileReference; lastKnownFileType = sourcecode.swift; path = ContentView.swift; sourceTree = "<group>"; };
		5294C66F2ABCCE4800D3B25E /* Assets.xcassets */ = {isa = PBXFileReference; lastKnownFileType = folder.assetcatalog; path = Assets.xcassets; sourceTree = "<group>"; };
		5294C6722ABCCE4800D3B25E /* Preview Assets.xcassets */ = {isa = PBXFileReference; lastKnownFileType = folder.assetcatalog; path = "Preview Assets.xcassets"; sourceTree = "<group>"; };
		5294C67B2ABCCE7800D3B25E /* WikipediaSearchResult.swift */ = {isa = PBXFileReference; lastKnownFileType = sourcecode.swift; path = WikipediaSearchResult.swift; sourceTree = "<group>"; };
		5294C67D2ABCCE9600D3B25E /* WikipediaArticle.swift */ = {isa = PBXFileReference; lastKnownFileType = sourcecode.swift; path = WikipediaArticle.swift; sourceTree = "<group>"; };
/* End PBXFileReference section */

/* Begin PBXFrameworksBuildPhase section */
		5294C6652ABCCE4600D3B25E /* Frameworks */ = {
			isa = PBXFrameworksBuildPhase;
			buildActionMask = 2147483647;
			files = (
			);
			runOnlyForDeploymentPostprocessing = 0;
		};
/* End PBXFrameworksBuildPhase section */

/* Begin PBXGroup section */
		5294C65F2ABCCE4600D3B25E = {
			isa = PBXGroup;
			children = (
				5294C66A2ABCCE4600D3B25E /* Wikipedia */,
				5294C6692ABCCE4600D3B25E /* Products */,
			);
			sourceTree = "<group>";
		};
		5294C6692ABCCE4600D3B25E /* Products */ = {
			isa = PBXGroup;
			children = (
				5294C6682ABCCE4600D3B25E /* Wikipedia.app */,
			);
			name = Products;
			sourceTree = "<group>";
		};
		5294C66A2ABCCE4600D3B25E /* Wikipedia */ = {
			isa = PBXGroup;
			children = (
				5294C67A2ABCCE5A00D3B25E /* Models */,
				5294C6792ABCCE5000D3B25E /* Views */,
				5294C66B2ABCCE4600D3B25E /* WikipediaApp.swift */,
				5294C66F2ABCCE4800D3B25E /* Assets.xcassets */,
				5294C6712ABCCE4800D3B25E /* Preview Content */,
			);
			path = Wikipedia;
			sourceTree = "<group>";
		};
		5294C6712ABCCE4800D3B25E /* Preview Content */ = {
			isa = PBXGroup;
			children = (
				5294C6722ABCCE4800D3B25E /* Preview Assets.xcassets */,
			);
			path = "Preview Content";
			sourceTree = "<group>";
		};
		5294C6792ABCCE5000D3B25E /* Views */ = {
			isa = PBXGroup;
			children = (
				5294C66D2ABCCE4600D3B25E /* ContentView.swift */,
			);
			path = Views;
			sourceTree = "<group>";
		};
		5294C67A2ABCCE5A00D3B25E /* Models */ = {
			isa = PBXGroup;
			children = (
				5294C67B2ABCCE7800D3B25E /* WikipediaSearchResult.swift */,
				5294C67D2ABCCE9600D3B25E /* WikipediaArticle.swift */,
			);
			path = Models;
			sourceTree = "<group>";
		};
/* End PBXGroup section */

/* Begin PBXNativeTarget section */
		5294C6672ABCCE4600D3B25E /* Wikipedia */ = {
			isa = PBXNativeTarget;
			buildConfigurationList = 5294C6762ABCCE4800D3B25E /* Build configuration list for PBXNativeTarget "Wikipedia" */;
			buildPhases = (
				5294C6642ABCCE4600D3B25E /* Sources */,
				5294C6652ABCCE4600D3B25E /* Frameworks */,
				5294C6662ABCCE4600D3B25E /* Resources */,
			);
			buildRules = (
			);
			dependencies = (
			);
			name = Wikipedia;
			productName = Wikipedia;
			productReference = 5294C6682ABCCE4600D3B25E /* Wikipedia.app */;
			productType = "com.apple.product-type.application";
		};
/* End PBXNativeTarget section */

/* Begin PBXProject section */
		5294C6602ABCCE4600D3B25E /* Project object */ = {
			isa = PBXProject;
			attributes = {
				BuildIndependentTargetsInParallel = 1;
				LastSwiftUpdateCheck = 1430;
				LastUpgradeCheck = 1430;
				TargetAttributes = {
					5294C6672ABCCE4600D3B25E = {
						CreatedOnToolsVersion = 14.3.1;
					};
				};
			};
			buildConfigurationList = 5294C6632ABCCE4600D3B25E /* Build configuration list for PBXProject "Wikipedia" */;
			compatibilityVersion = "Xcode 14.0";
			developmentRegion = en;
			hasScannedForEncodings = 0;
			knownRegions = (
				en,
				Base,
			);
			mainGroup = 5294C65F2ABCCE4600D3B25E;
			productRefGroup = 5294C6692ABCCE4600D3B25E /* Products */;
			projectDirPath = "";
			projectRoot = "";
			targets = (
				5294C6672ABCCE4600D3B25E /* Wikipedia */,
			);
		};
/* End PBXProject section */

/* Begin PBXResourcesBuildPhase section */
		5294C6662ABCCE4600D3B25E /* Resources */ = {
			isa = PBXResourcesBuildPhase;
			buildActionMask = 2147483647;
			files = (
				5294C6732ABCCE4800D3B25E /* Preview Assets.xcassets in Resources */,
				5294C6702ABCCE4800D3B25E /* Assets.xcassets in Resources */,
			);
			runOnlyForDeploymentPostprocessing = 0;
		};
/* End PBXResourcesBuildPhase section */

/* Begin PBXSourcesBuildPhase section */
		5294C6642ABCCE4600D3B25E /* Sources */ = {
			isa = PBXSourcesBuildPhase;
			buildActionMask = 2147483647;
			files = (
				5294C67E2ABCCE9600D3B25E /* WikipediaArticle.swift in Sources */,
				5294C66E2ABCCE4600D3B25E /* ContentView.swift in Sources */,
				5294C67C2ABCCE7800D3B25E /* WikipediaSearchResult.swift in Sources */,
				5294C66C2ABCCE4600D3B25E /* WikipediaApp.swift in Sources */,
			);
			runOnlyForDeploymentPostprocessing = 0;
		};
/* End PBXSourcesBuildPhase section */

/* Begin XCBuildConfiguration section */
		5294C6742ABCCE4800D3B25E /* Debug */ = {
			isa = XCBuildConfiguration;
			buildSettings = {
				ALWAYS_SEARCH_USER_PATHS = NO;
				CLANG_ANALYZER_NONNULL = YES;
				CLANG_ANALYZER_NUMBER_OBJECT_CONVERSION = YES_AGGRESSIVE;
				CLANG_CXX_LANGUAGE_STANDARD = "gnu++20";
				CLANG_ENABLE_MODULES = YES;
				CLANG_ENABLE_OBJC_ARC = YES;
				CLANG_ENABLE_OBJC_WEAK = YES;
				CLANG_WARN_BLOCK_CAPTURE_AUTORELEASING = YES;
				CLANG_WARN_BOOL_CONVERSION = YES;
				CLANG_WARN_COMMA = YES;
				CLANG_WARN_CONSTANT_CONVERSION = YES;
				CLANG_WARN_DEPRECATED_OBJC_IMPLEMENTATIONS = YES;
				CLANG_WARN_DIRECT_OBJC_ISA_USAGE = YES_ERROR;
				CLANG_WARN_DOCUMENTATION_COMMENTS = YES;
				CLANG_WARN_EMPTY_BODY = YES;
				CLANG_WARN_ENUM_CONVERSION = YES;
				CLANG_WARN_INFINITE_RECURSION = YES;
				CLANG_WARN_INT_CONVERSION = YES;
				CLANG_WARN_NON_LITERAL_NULL_CONVERSION = YES;
				CLANG_WARN_OBJC_IMPLICIT_RETAIN_SELF = YES;
				CLANG_WARN_OBJC_LITERAL_CONVERSION = YES;
				CLANG_WARN_OBJC_ROOT_CLASS = YES_ERROR;
				CLANG_WARN_QUOTED_INCLUDE_IN_FRAMEWORK_HEADER = YES;
				CLANG_WARN_RANGE_LOOP_ANALYSIS = YES;
				CLANG_WARN_STRICT_PROTOTYPES = YES;
				CLANG_WARN_SUSPICIOUS_MOVE = YES;
				CLANG_WARN_UNGUARDED_AVAILABILITY = YES_AGGRESSIVE;
				CLANG_WARN_UNREACHABLE_CODE = YES;
				CLANG_WARN__DUPLICATE_METHOD_MATCH = YES;
				COPY_PHASE_STRIP = NO;
				DEBUG_INFORMATION_FORMAT = dwarf;
				ENABLE_STRICT_OBJC_MSGSEND = YES;
				ENABLE_TESTABILITY = YES;
				GCC_C_LANGUAGE_STANDARD = gnu11;
				GCC_DYNAMIC_NO_PIC = NO;
				GCC_NO_COMMON_BLOCKS = YES;
				GCC_OPTIMIZATION_LEVEL = 0;
				GCC_PREPROCESSOR_DEFINITIONS = (
					"DEBUG=1",
					"$(inherited)",
				);
				GCC_WARN_64_TO_32_BIT_CONVERSION = YES;
				GCC_WARN_ABOUT_RETURN_TYPE = YES_ERROR;
				GCC_WARN_UNDECLARED_SELECTOR = YES;
				GCC_WARN_UNINITIALIZED_AUTOS = YES_AGGRESSIVE;
				GCC_WARN_UNUSED_FUNCTION = YES;
				GCC_WARN_UNUSED_VARIABLE = YES;
				IPHONEOS_DEPLOYMENT_TARGET = 16.4;
				MTL_ENABLE_DEBUG_INFO = INCLUDE_SOURCE;
				MTL_FAST_MATH = YES;
				ONLY_ACTIVE_ARCH = YES;
				SDKROOT = iphoneos;
				SWIFT_ACTIVE_COMPILATION_CONDITIONS = DEBUG;
				SWIFT_OPTIMIZATION_LEVEL = "-Onone";
			};
			name = Debug;
		};
		5294C6752ABCCE4800D3B25E /* Release */ = {
			isa = XCBuildConfiguration;
			buildSettings = {
				ALWAYS_SEARCH_USER_PATHS = NO;
				CLANG_ANALYZER_NONNULL = YES;
				CLANG_ANALYZER_NUMBER_OBJECT_CONVERSION = YES_AGGRESSIVE;
				CLANG_CXX_LANGUAGE_STANDARD = "gnu++20";
				CLANG_ENABLE_MODULES = YES;
				CLANG_ENABLE_OBJC_ARC = YES;
				CLANG_ENABLE_OBJC_WEAK = YES;
				CLANG_WARN_BLOCK_CAPTURE_AUTORELEASING = YES;
				CLANG_WARN_BOOL_CONVERSION = YES;
				CLANG_WARN_COMMA = YES;
				CLANG_WARN_CONSTANT_CONVERSION = YES;
				CLANG_WARN_DEPRECATED_OBJC_IMPLEMENTATIONS = YES;
				CLANG_WARN_DIRECT_OBJC_ISA_USAGE = YES_ERROR;
				CLANG_WARN_DOCUMENTATION_COMMENTS = YES;
				CLANG_WARN_EMPTY_BODY = YES;
				CLANG_WARN_ENUM_CONVERSION = YES;
				CLANG_WARN_INFINITE_RECURSION = YES;
				CLANG_WARN_INT_CONVERSION = YES;
				CLANG_WARN_NON_LITERAL_NULL_CONVERSION = YES;
				CLANG_WARN_OBJC_IMPLICIT_RETAIN_SELF = YES;
				CLANG_WARN_OBJC_LITERAL_CONVERSION = YES;
				CLANG_WARN_OBJC_ROOT_CLASS = YES_ERROR;
				CLANG_WARN_QUOTED_INCLUDE_IN_FRAMEWORK_HEADER = YES;
				CLANG_WARN_RANGE_LOOP_ANALYSIS = YES;
				CLANG_WARN_STRICT_PROTOTYPES = YES;
				CLANG_WARN_SUSPICIOUS_MOVE = YES;
				CLANG_WARN_UNGUARDED_AVAILABILITY = YES_AGGRESSIVE;
				CLANG_WARN_UNREACHABLE_CODE = YES;
				CLANG_WARN__DUPLICATE_METHOD_MATCH = YES;
				COPY_PHASE_STRIP = NO;
				DEBUG_INFORMATION_FORMAT = "dwarf-with-dsym";
				ENABLE_NS_ASSERTIONS = NO;
				ENABLE_STRICT_OBJC_MSGSEND = YES;
				GCC_C_LANGUAGE_STANDARD = gnu11;
				GCC_NO_COMMON_BLOCKS = YES;
				GCC_WARN_64_TO_32_BIT_CONVERSION = YES;
				GCC_WARN_ABOUT_RETURN_TYPE = YES_ERROR;
				GCC_WARN_UNDECLARED_SELECTOR = YES;
				GCC_WARN_UNINITIALIZED_AUTOS = YES_AGGRESSIVE;
				GCC_WARN_UNUSED_FUNCTION = YES;
				GCC_WARN_UNUSED_VARIABLE = YES;
				IPHONEOS_DEPLOYMENT_TARGET = 16.4;
				MTL_ENABLE_DEBUG_INFO = NO;
				MTL_FAST_MATH = YES;
				SDKROOT = iphoneos;
				SWIFT_COMPILATION_MODE = wholemodule;
				SWIFT_OPTIMIZATION_LEVEL = "-O";
				VALIDATE_PRODUCT = YES;
			};
			name = Release;
		};
		5294C6772ABCCE4800D3B25E /* Debug */ = {
			isa = XCBuildConfiguration;
			buildSettings = {
				ASSETCATALOG_COMPILER_APPICON_NAME = AppIcon;
				ASSETCATALOG_COMPILER_GLOBAL_ACCENT_COLOR_NAME = AccentColor;
				CODE_SIGN_STYLE = Automatic;
				CURRENT_PROJECT_VERSION = 1;
				DEVELOPMENT_ASSET_PATHS = "\"Wikipedia/Preview Content\"";
				DEVELOPMENT_TEAM = LDCJC9XBL4;
				ENABLE_PREVIEWS = YES;
				GENERATE_INFOPLIST_FILE = YES;
				INFOPLIST_KEY_UIApplicationSceneManifest_Generation = YES;
				INFOPLIST_KEY_UIApplicationSupportsIndirectInputEvents = YES;
				INFOPLIST_KEY_UILaunchScreen_Generation = YES;
				INFOPLIST_KEY_UISupportedInterfaceOrientations_iPad = "UIInterfaceOrientationPortrait UIInterfaceOrientationPortraitUpsideDown UIInterfaceOrientationLandscapeLeft UIInterfaceOrientationLandscapeRight";
				INFOPLIST_KEY_UISupportedInterfaceOrientations_iPhone = "UIInterfaceOrientationPortrait UIInterfaceOrientationLandscapeLeft UIInterfaceOrientationLandscapeRight";
				LD_RUNPATH_SEARCH_PATHS = (
					"$(inherited)",
					"@executable_path/Frameworks",
				);
				MARKETING_VERSION = 1.0;
				PRODUCT_BUNDLE_IDENTIFIER = org.atlas.Wikipedia;
				PRODUCT_NAME = "$(TARGET_NAME)";
				SWIFT_EMIT_LOC_STRINGS = YES;
				SWIFT_VERSION = 5.0;
				TARGETED_DEVICE_FAMILY = "1,2";
			};
			name = Debug;
		};
		5294C6782ABCCE4800D3B25E /* Release */ = {
			isa = XCBuildConfiguration;
			buildSettings = {
				ASSETCATALOG_COMPILER_APPICON_NAME = AppIcon;
				ASSETCATALOG_COMPILER_GLOBAL_ACCENT_COLOR_NAME = AccentColor;
				CODE_SIGN_STYLE = Automatic;
				CURRENT_PROJECT_VERSION = 1;
				DEVELOPMENT_ASSET_PATHS = "\"Wikipedia/Preview Content\"";
				DEVELOPMENT_TEAM = LDCJC9XBL4;
				ENABLE_PREVIEWS = YES;
				GENERATE_INFOPLIST_FILE = YES;
				INFOPLIST_KEY_UIApplicationSceneManifest_Generation = YES;
				INFOPLIST_KEY_UIApplicationSupportsIndirectInputEvents = YES;
				INFOPLIST_KEY_UILaunchScreen_Generation = YES;
				INFOPLIST_KEY_UISupportedInterfaceOrientations_iPad = "UIInterfaceOrientationPortrait UIInterfaceOrientationPortraitUpsideDown UIInterfaceOrientationLandscapeLeft UIInterfaceOrientationLandscapeRight";
				INFOPLIST_KEY_UISupportedInterfaceOrientations_iPhone = "UIInterfaceOrientationPortrait UIInterfaceOrientationLandscapeLeft UIInterfaceOrientationLandscapeRight";
				LD_RUNPATH_SEARCH_PATHS = (
					"$(inherited)",
					"@executable_path/Frameworks",
				);
				MARKETING_VERSION = 1.0;
				PRODUCT_BUNDLE_IDENTIFIER = org.atlas.Wikipedia;
				PRODUCT_NAME = "$(TARGET_NAME)";
				SWIFT_EMIT_LOC_STRINGS = YES;
				SWIFT_VERSION = 5.0;
				TARGETED_DEVICE_FAMILY = "1,2";
			};
			name = Release;
		};
/* End XCBuildConfiguration section */

/* Begin XCConfigurationList section */
		5294C6632ABCCE4600D3B25E /* Build configuration list for PBXProject "Wikipedia" */ = {
			isa = XCConfigurationList;
			buildConfigurations = (
				5294C6742ABCCE4800D3B25E /* Debug */,
				5294C6752ABCCE4800D3B25E /* Release */,
			);
			defaultConfigurationIsVisible = 0;
			defaultConfigurationName = Release;
		};
		5294C6762ABCCE4800D3B25E /* Build configuration list for PBXNativeTarget "Wikipedia" */ = {
			isa = XCConfigurationList;
			buildConfigurations = (
				5294C6772ABCCE4800D3B25E /* Debug */,
				5294C6782ABCCE4800D3B25E /* Release */,
			);
			defaultConfigurationIsVisible = 0;
			defaultConfigurationName = Release;
		};
/* End XCConfigurationList section */
	};
	rootObject = 5294C6602ABCCE4600D3B25E /* Project object */;
}
